
Microsoft Visual Studio Solution File, Format Version 12.00
# Visual Studio 14
VisualStudioVersion = 14.0.25123.0
MinimumVisualStudioVersion = 10.0.40219.1
Project("{FAE04EC0-301F-11D3-BF4B-00C04F79EFBC}") = "Bud.Building", "Bud.Building\Bud.Building.csproj", "{C4558F55-5EF3-4271-8E63-00AD975CAFD3}"
EndProject
Project("{FAE04EC0-301F-11D3-BF4B-00C04F79EFBC}") = "Bud.Building.Test", "Bud.Building.Test\Bud.Building.Test.csproj", "{0DE7A1A4-F0B5-4508-8626-ED1010A72E57}"
EndProject
Global
	GlobalSection(SolutionConfigurationPlatforms) = preSolution
		Debug|Any CPU = Debug|Any CPU
		Release|Any CPU = Release|Any CPU
	EndGlobalSection
	GlobalSection(ProjectConfigurationPlatforms) = postSolution
		{C4558F55-5EF3-4271-8E63-00AD975CAFD3}.Debug|Any CPU.ActiveCfg = Debug|Any CPU
		{C4558F55-5EF3-4271-8E63-00AD975CAFD3}.Debug|Any CPU.Build.0 = Debug|Any CPU
		{C4558F55-5EF3-4271-8E63-00AD975CAFD3}.Release|Any CPU.ActiveCfg = Release|Any CPU
		{C4558F55-5EF3-4271-8E63-00AD975CAFD3}.Release|Any CPU.Build.0 = Release|Any CPU
		{0DE7A1A4-F0B5-4508-8626-ED1010A72E57}.Debug|Any CPU.ActiveCfg = Debug|Any CPU
		{0DE7A1A4-F0B5-4508-8626-ED1010A72E57}.Debug|Any CPU.Build.0 = Debug|Any CPU
		{0DE7A1A4-F0B5-4508-8626-ED1010A72E57}.Release|Any CPU.ActiveCfg = Release|Any CPU
		{0DE7A1A4-F0B5-4508-8626-ED1010A72E57}.Release|Any CPU.Build.0 = Release|Any CPU
	EndGlobalSection
	GlobalSection(SolutionProperties) = preSolution
		HideSolutionNode = FALSE
	EndGlobalSection
EndGlobal
